
Microsoft Visual Studio Solution File, Format Version 12.00
# Visual Studio Version 17
VisualStudioVersion = 17.11.35327.3
MinimumVisualStudioVersion = 10.0.40219.1
Project("{9A19103F-16F7-4668-BE54-9A1E7A4F7556}") = "Proyecto_Tareas", "Proyecto_Tareas.csproj", "{A17AB576-3B51-4ADB-9F23-84971175618D}"
EndProject
Global
	GlobalSection(SolutionConfigurationPlatforms) = preSolution
		Debug|Any CPU = Debug|Any CPU
		Release|Any CPU = Release|Any CPU
	EndGlobalSection
	GlobalSection(ProjectConfigurationPlatforms) = postSolution
		{A17AB576-3B51-4ADB-9F23-84971175618D}.Debug|Any CPU.ActiveCfg = Debug|Any CPU
		{A17AB576-3B51-4ADB-9F23-84971175618D}.Debug|Any CPU.Build.0 = Debug|Any CPU
		{A17AB576-3B51-4ADB-9F23-84971175618D}.Release|Any CPU.ActiveCfg = Release|Any CPU
		{A17AB576-3B51-4ADB-9F23-84971175618D}.Release|Any CPU.Build.0 = Release|Any CPU
	EndGlobalSection
	GlobalSection(SolutionProperties) = preSolution
		HideSolutionNode = FALSE
	EndGlobalSection
	GlobalSection(ExtensibilityGlobals) = postSolution
		SolutionGuid = {36C2F8D7-E109-41BD-9E8F-F0242A5DE54F}
	EndGlobalSection
EndGlobal
